
Microsoft Visual Studio Solution File, Format Version 12.00
# Visual Studio Version 17
VisualStudioVersion = 17.3.32929.385
MinimumVisualStudioVersion = 10.0.40219.1
Project("{FAE04EC0-301F-11D3-BF4B-00C04F79EFBC}") = "Hangman", "Hangman.csproj", "{FCC0C920-526C-4560-8C1C-89374CB21F10}"
EndProject
Global
	GlobalSection(SolutionConfigurationPlatforms) = preSolution
		Debug|Any CPU = Debug|Any CPU
		Release|Any CPU = Release|Any CPU
	EndGlobalSection
	GlobalSection(ProjectConfigurationPlatforms) = postSolution
		{FCC0C920-526C-4560-8C1C-89374CB21F10}.Debug|Any CPU.ActiveCfg = Debug|Any CPU
		{FCC0C920-526C-4560-8C1C-89374CB21F10}.Debug|Any CPU.Build.0 = Debug|Any CPU
		{FCC0C920-526C-4560-8C1C-89374CB21F10}.Release|Any CPU.ActiveCfg = Release|Any CPU
		{FCC0C920-526C-4560-8C1C-89374CB21F10}.Release|Any CPU.Build.0 = Release|Any CPU
	EndGlobalSection
	GlobalSection(SolutionProperties) = preSolution
		HideSolutionNode = FALSE
	EndGlobalSection
	GlobalSection(ExtensibilityGlobals) = postSolution
		SolutionGuid = {211E8754-3D32-4F98-95CC-5F8FD751041F}
	EndGlobalSection
EndGlobal
